
Microsoft Visual Studio Solution File, Format Version 12.00
# Visual Studio Version 17
VisualStudioVersion = 17.4.33103.184
MinimumVisualStudioVersion = 10.0.40219.1
Project("{FAE04EC0-301F-11D3-BF4B-00C04F79EFBC}") = "Calculadora", "Calculadora\Calculadora.csproj", "{30B957A3-6469-4B07-82D6-883366BC6029}"
EndProject
Global
	GlobalSection(SolutionConfigurationPlatforms) = preSolution
		Debug|Any CPU = Debug|Any CPU
		Release|Any CPU = Release|Any CPU
	EndGlobalSection
	GlobalSection(ProjectConfigurationPlatforms) = postSolution
		{30B957A3-6469-4B07-82D6-883366BC6029}.Debug|Any CPU.ActiveCfg = Debug|Any CPU
		{30B957A3-6469-4B07-82D6-883366BC6029}.Debug|Any CPU.Build.0 = Debug|Any CPU
		{30B957A3-6469-4B07-82D6-883366BC6029}.Release|Any CPU.ActiveCfg = Release|Any CPU
		{30B957A3-6469-4B07-82D6-883366BC6029}.Release|Any CPU.Build.0 = Release|Any CPU
	EndGlobalSection
	GlobalSection(SolutionProperties) = preSolution
		HideSolutionNode = FALSE
	EndGlobalSection
	GlobalSection(ExtensibilityGlobals) = postSolution
		SolutionGuid = {A46DDF45-4D8F-4C7A-A11E-6D07EDEF6158}
	EndGlobalSection
EndGlobal
